// !$*UTF8*$!
{
	archiveVersion = 1;
	classes = {
	};
	objectVersion = 56;
	objects = {

/* Begin PBXBuildFile section */
		4CEABC7429DBB464008C6A0D /* WeatherAppApp.swift in Sources */ = {isa = PBXBuildFile; fileRef = 4CEABC7329DBB464008C6A0D /* WeatherAppApp.swift */; };
		4CEABC7629DBB464008C6A0D /* ContentView.swift in Sources */ = {isa = PBXBuildFile; fileRef = 4CEABC7529DBB464008C6A0D /* ContentView.swift */; };
		4CEABC7829DBB465008C6A0D /* Assets.xcassets in Resources */ = {isa = PBXBuildFile; fileRef = 4CEABC7729DBB465008C6A0D /* Assets.xcassets */; };
		4CEABC7C29DBB465008C6A0D /* Preview Assets.xcassets in Resources */ = {isa = PBXBuildFile; fileRef = 4CEABC7B29DBB465008C6A0D /* Preview Assets.xcassets */; };
		4CEABC8629DBB465008C6A0D /* WeatherAppTests.swift in Sources */ = {isa = PBXBuildFile; fileRef = 4CEABC8529DBB465008C6A0D /* WeatherAppTests.swift */; };
		4CEABC9029DBB465008C6A0D /* WeatherAppUITests.swift in Sources */ = {isa = PBXBuildFile; fileRef = 4CEABC8F29DBB465008C6A0D /* WeatherAppUITests.swift */; };
		4CEABC9229DBB465008C6A0D /* WeatherAppUITestsLaunchTests.swift in Sources */ = {isa = PBXBuildFile; fileRef = 4CEABC9129DBB465008C6A0D /* WeatherAppUITestsLaunchTests.swift */; };
		4CEABCA029DFD283008C6A0D /* Daco_390707.png in Resources */ = {isa = PBXBuildFile; fileRef = 4CEABC9F29DFD283008C6A0D /* Daco_390707.png */; };
		4CEABCA429DFEB69008C6A0D /* Daco_5869887.png in Resources */ = {isa = PBXBuildFile; fileRef = 4CEABCA329DFEB69008C6A0D /* Daco_5869887.png */; };
		4CEABCA629DFEE15008C6A0D /* Daco_4318142.png in Resources */ = {isa = PBXBuildFile; fileRef = 4CEABCA529DFEE15008C6A0D /* Daco_4318142.png */; };
		4CEABCA829DFEFC5008C6A0D /* Daco_4555830.png in Resources */ = {isa = PBXBuildFile; fileRef = 4CEABCA729DFEFC5008C6A0D /* Daco_4555830.png */; };
/* End PBXBuildFile section */

/* Begin PBXContainerItemProxy section */
		4CEABC8229DBB465008C6A0D /* PBXContainerItemProxy */ = {
			isa = PBXContainerItemProxy;
			containerPortal = 4CEABC6829DBB464008C6A0D /* Project object */;
			proxyType = 1;
			remoteGlobalIDString = 4CEABC6F29DBB464008C6A0D;
			remoteInfo = WeatherApp;
		};
		4CEABC8C29DBB465008C6A0D /* PBXContainerItemProxy */ = {
			isa = PBXContainerItemProxy;
			containerPortal = 4CEABC6829DBB464008C6A0D /* Project object */;
			proxyType = 1;
			remoteGlobalIDString = 4CEABC6F29DBB464008C6A0D;
			remoteInfo = WeatherApp;
		};
/* End PBXContainerItemProxy section */

/* Begin PBXFileReference section */
		4CEABC7029DBB464008C6A0D /* WeatherApp.app */ = {isa = PBXFileReference; explicitFileType = wrapper.application; includeInIndex = 0; path = WeatherApp.app; sourceTree = BUILT_PRODUCTS_DIR; };
		4CEABC7329DBB464008C6A0D /* WeatherAppApp.swift */ = {isa = PBXFileReference; lastKnownFileType = sourcecode.swift; path = WeatherAppApp.swift; sourceTree = "<group>"; };
		4CEABC7529DBB464008C6A0D /* ContentView.swift */ = {isa = PBXFileReference; lastKnownFileType = sourcecode.swift; path = ContentView.swift; sourceTree = "<group>"; };
		4CEABC7729DBB465008C6A0D /* Assets.xcassets */ = {isa = PBXFileReference; lastKnownFileType = folder.assetcatalog; path = Assets.xcassets; sourceTree = "<group>"; };
		4CEABC7929DBB465008C6A0D /* WeatherApp.entitlements */ = {isa = PBXFileReference; lastKnownFileType = text.plist.entitlements; path = WeatherApp.entitlements; sourceTree = "<group>"; };
		4CEABC7B29DBB465008C6A0D /* Preview Assets.xcassets */ = {isa = PBXFileReference; lastKnownFileType = folder.assetcatalog; path = "Preview Assets.xcassets"; sourceTree = "<group>"; };
		4CEABC8129DBB465008C6A0D /* WeatherAppTests.xctest */ = {isa = PBXFileReference; explicitFileType = wrapper.cfbundle; includeInIndex = 0; path = WeatherAppTests.xctest; sourceTree = BUILT_PRODUCTS_DIR; };
		4CEABC8529DBB465008C6A0D /* WeatherAppTests.swift */ = {isa = PBXFileReference; lastKnownFileType = sourcecode.swift; path = WeatherAppTests.swift; sourceTree = "<group>"; };
		4CEABC8B29DBB465008C6A0D /* WeatherAppUITests.xctest */ = {isa = PBXFileReference; explicitFileType = wrapper.cfbundle; includeInIndex = 0; path = WeatherAppUITests.xctest; sourceTree = BUILT_PRODUCTS_DIR; };
		4CEABC8F29DBB465008C6A0D /* WeatherAppUITests.swift */ = {isa = PBXFileReference; lastKnownFileType = sourcecode.swift; path = WeatherAppUITests.swift; sourceTree = "<group>"; };
		4CEABC9129DBB465008C6A0D /* WeatherAppUITestsLaunchTests.swift */ = {isa = PBXFileReference; lastKnownFileType = sourcecode.swift; path = WeatherAppUITestsLaunchTests.swift; sourceTree = "<group>"; };
		4CEABC9F29DFD283008C6A0D /* Daco_390707.png */ = {isa = PBXFileReference; lastKnownFileType = image.png; name = Daco_390707.png; path = ../../../../Downloads/Daco_390707.png; sourceTree = "<group>"; };
		4CEABCA229DFD2A3008C6A0D /* Daco_390707.png */ = {isa = PBXFileReference; lastKnownFileType = image.png; path = Daco_390707.png; sourceTree = "<group>"; };
		4CEABCA329DFEB69008C6A0D /* Daco_5869887.png */ = {isa = PBXFileReference; lastKnownFileType = image.png; name = Daco_5869887.png; path = ../../../../Downloads/Daco_5869887.png; sourceTree = "<group>"; };
		4CEABCA529DFEE15008C6A0D /* Daco_4318142.png */ = {isa = PBXFileReference; lastKnownFileType = image.png; name = Daco_4318142.png; path = ../../../../Downloads/Daco_4318142.png; sourceTree = "<group>"; };
		4CEABCA729DFEFC5008C6A0D /* Daco_4555830.png */ = {isa = PBXFileReference; lastKnownFileType = image.png; name = Daco_4555830.png; path = ../../../../Downloads/Daco_4555830.png; sourceTree = "<group>"; };
/* End PBXFileReference section */

/* Begin PBXFrameworksBuildPhase section */
		4CEABC6D29DBB464008C6A0D /* Frameworks */ = {
			isa = PBXFrameworksBuildPhase;
			buildActionMask = 2147483647;
			files = (
			);
			runOnlyForDeploymentPostprocessing = 0;
		};
		4CEABC7E29DBB465008C6A0D /* Frameworks */ = {
			isa = PBXFrameworksBuildPhase;
			buildActionMask = 2147483647;
			files = (
			);
			runOnlyForDeploymentPostprocessing = 0;
		};
		4CEABC8829DBB465008C6A0D /* Frameworks */ = {
			isa = PBXFrameworksBuildPhase;
			buildActionMask = 2147483647;
			files = (
			);
			runOnlyForDeploymentPostprocessing = 0;
		};
/* End PBXFrameworksBuildPhase section */

/* Begin PBXGroup section */
		4CEABC6729DBB464008C6A0D = {
			isa = PBXGroup;
			children = (
				4CEABC7229DBB464008C6A0D /* WeatherApp */,
				4CEABC8429DBB465008C6A0D /* WeatherAppTests */,
				4CEABC8E29DBB465008C6A0D /* WeatherAppUITests */,
				4CEABC7129DBB464008C6A0D /* Products */,
			);
			sourceTree = "<group>";
		};
		4CEABC7129DBB464008C6A0D /* Products */ = {
			isa = PBXGroup;
			children = (
				4CEABC7029DBB464008C6A0D /* WeatherApp.app */,
				4CEABC8129DBB465008C6A0D /* WeatherAppTests.xctest */,
				4CEABC8B29DBB465008C6A0D /* WeatherAppUITests.xctest */,
			);
			name = Products;
			sourceTree = "<group>";
		};
		4CEABC7229DBB464008C6A0D /* WeatherApp */ = {
			isa = PBXGroup;
			children = (
				4CEABCA129DFD295008C6A0D /* files */,
				4CEABC7329DBB464008C6A0D /* WeatherAppApp.swift */,
				4CEABC7529DBB464008C6A0D /* ContentView.swift */,
				4CEABC7729DBB465008C6A0D /* Assets.xcassets */,
				4CEABC7929DBB465008C6A0D /* WeatherApp.entitlements */,
				4CEABC7A29DBB465008C6A0D /* Preview Content */,
			);
			path = WeatherApp;
			sourceTree = "<group>";
		};
		4CEABC7A29DBB465008C6A0D /* Preview Content */ = {
			isa = PBXGroup;
			children = (
				4CEABC9F29DFD283008C6A0D /* Daco_390707.png */,
				4CEABC7B29DBB465008C6A0D /* Preview Assets.xcassets */,
			);
			path = "Preview Content";
			sourceTree = "<group>";
		};
		4CEABC8429DBB465008C6A0D /* WeatherAppTests */ = {
			isa = PBXGroup;
			children = (
				4CEABC8529DBB465008C6A0D /* WeatherAppTests.swift */,
			);
			path = WeatherAppTests;
			sourceTree = "<group>";
		};
		4CEABC8E29DBB465008C6A0D /* WeatherAppUITests */ = {
			isa = PBXGroup;
			children = (
				4CEABC8F29DBB465008C6A0D /* WeatherAppUITests.swift */,
				4CEABC9129DBB465008C6A0D /* WeatherAppUITestsLaunchTests.swift */,
			);
			path = WeatherAppUITests;
			sourceTree = "<group>";
		};
		4CEABCA129DFD295008C6A0D /* files */ = {
			isa = PBXGroup;
			children = (
				4CEABCA729DFEFC5008C6A0D /* Daco_4555830.png */,
				4CEABCA529DFEE15008C6A0D /* Daco_4318142.png */,
				4CEABCA329DFEB69008C6A0D /* Daco_5869887.png */,
				4CEABCA229DFD2A3008C6A0D /* Daco_390707.png */,
			);
			path = files;
			sourceTree = "<group>";
		};
/* End PBXGroup section */

/* Begin PBXNativeTarget section */
		4CEABC6F29DBB464008C6A0D /* WeatherApp */ = {
			isa = PBXNativeTarget;
			buildConfigurationList = 4CEABC9529DBB465008C6A0D /* Build configuration list for PBXNativeTarget "WeatherApp" */;
			buildPhases = (
				4CEABC6C29DBB464008C6A0D /* Sources */,
				4CEABC6D29DBB464008C6A0D /* Frameworks */,
				4CEABC6E29DBB464008C6A0D /* Resources */,
			);
			buildRules = (
			);
			dependencies = (
			);
			name = WeatherApp;
			productName = WeatherApp;
			productReference = 4CEABC7029DBB464008C6A0D /* WeatherApp.app */;
			productType = "com.apple.product-type.application";
		};
		4CEABC8029DBB465008C6A0D /* WeatherAppTests */ = {
			isa = PBXNativeTarget;
			buildConfigurationList = 4CEABC9829DBB465008C6A0D /* Build configuration list for PBXNativeTarget "WeatherAppTests" */;
			buildPhases = (
				4CEABC7D29DBB465008C6A0D /* Sources */,
				4CEABC7E29DBB465008C6A0D /* Frameworks */,
				4CEABC7F29DBB465008C6A0D /* Resources */,
			);
			buildRules = (
			);
			dependencies = (
				4CEABC8329DBB465008C6A0D /* PBXTargetDependency */,
			);
			name = WeatherAppTests;
			productName = WeatherAppTests;
			productReference = 4CEABC8129DBB465008C6A0D /* WeatherAppTests.xctest */;
			productType = "com.apple.product-type.bundle.unit-test";
		};
		4CEABC8A29DBB465008C6A0D /* WeatherAppUITests */ = {
			isa = PBXNativeTarget;
			buildConfigurationList = 4CEABC9B29DBB465008C6A0D /* Build configuration list for PBXNativeTarget "WeatherAppUITests" */;
			buildPhases = (
				4CEABC8729DBB465008C6A0D /* Sources */,
				4CEABC8829DBB465008C6A0D /* Frameworks */,
				4CEABC8929DBB465008C6A0D /* Resources */,
			);
			buildRules = (
			);
			dependencies = (
				4CEABC8D29DBB465008C6A0D /* PBXTargetDependency */,
			);
			name = WeatherAppUITests;
			productName = WeatherAppUITests;
			productReference = 4CEABC8B29DBB465008C6A0D /* WeatherAppUITests.xctest */;
			productType = "com.apple.product-type.bundle.ui-testing";
		};
/* End PBXNativeTarget section */

/* Begin PBXProject section */
		4CEABC6829DBB464008C6A0D /* Project object */ = {
			isa = PBXProject;
			attributes = {
				BuildIndependentTargetsInParallel = 1;
				LastSwiftUpdateCheck = 1420;
				LastUpgradeCheck = 1420;
				TargetAttributes = {
					4CEABC6F29DBB464008C6A0D = {
						CreatedOnToolsVersion = 14.2;
					};
					4CEABC8029DBB465008C6A0D = {
						CreatedOnToolsVersion = 14.2;
						TestTargetID = 4CEABC6F29DBB464008C6A0D;
					};
					4CEABC8A29DBB465008C6A0D = {
						CreatedOnToolsVersion = 14.2;
						TestTargetID = 4CEABC6F29DBB464008C6A0D;
					};
				};
			};
			buildConfigurationList = 4CEABC6B29DBB464008C6A0D /* Build configuration list for PBXProject "WeatherApp" */;
			compatibilityVersion = "Xcode 14.0";
			developmentRegion = en;
			hasScannedForEncodings = 0;
			knownRegions = (
				en,
				Base,
			);
			mainGroup = 4CEABC6729DBB464008C6A0D;
			productRefGroup = 4CEABC7129DBB464008C6A0D /* Products */;
			projectDirPath = "";
			projectRoot = "";
			targets = (
				4CEABC6F29DBB464008C6A0D /* WeatherApp */,
				4CEABC8029DBB465008C6A0D /* WeatherAppTests */,
				4CEABC8A29DBB465008C6A0D /* WeatherAppUITests */,
			);
		};
/* End PBXProject section */

/* Begin PBXResourcesBuildPhase section */
		4CEABC6E29DBB464008C6A0D /* Resources */ = {
			isa = PBXResourcesBuildPhase;
			buildActionMask = 2147483647;
			files = (
				4CEABCA629DFEE15008C6A0D /* Daco_4318142.png in Resources */,
				4CEABCA429DFEB69008C6A0D /* Daco_5869887.png in Resources */,
				4CEABC7C29DBB465008C6A0D /* Preview Assets.xcassets in Resources */,
				4CEABCA029DFD283008C6A0D /* Daco_390707.png in Resources */,
				4CEABC7829DBB465008C6A0D /* Assets.xcassets in Resources */,
				4CEABCA829DFEFC5008C6A0D /* Daco_4555830.png in Resources */,
			);
			runOnlyForDeploymentPostprocessing = 0;
		};
		4CEABC7F29DBB465008C6A0D /* Resources */ = {
			isa = PBXResourcesBuildPhase;
			buildActionMask = 2147483647;
			files = (
			);
			runOnlyForDeploymentPostprocessing = 0;
		};
		4CEABC8929DBB465008C6A0D /* Resources */ = {
			isa = PBXResourcesBuildPhase;
			buildActionMask = 2147483647;
			files = (
			);
			runOnlyForDeploymentPostprocessing = 0;
		};
/* End PBXResourcesBuildPhase section */

/* Begin PBXSourcesBuildPhase section */
		4CEABC6C29DBB464008C6A0D /* Sources */ = {
			isa = PBXSourcesBuildPhase;
			buildActionMask = 2147483647;
			files = (
				4CEABC7629DBB464008C6A0D /* ContentView.swift in Sources */,
				4CEABC7429DBB464008C6A0D /* WeatherAppApp.swift in Sources */,
			);
			runOnlyForDeploymentPostprocessing = 0;
		};
		4CEABC7D29DBB465008C6A0D /* Sources */ = {
			isa = PBXSourcesBuildPhase;
			buildActionMask = 2147483647;
			files = (
				4CEABC8629DBB465008C6A0D /* WeatherAppTests.swift in Sources */,
			);
			runOnlyForDeploymentPostprocessing = 0;
		};
		4CEABC8729DBB465008C6A0D /* Sources */ = {
			isa = PBXSourcesBuildPhase;
			buildActionMask = 2147483647;
			files = (
				4CEABC9029DBB465008C6A0D /* WeatherAppUITests.swift in Sources */,
				4CEABC9229DBB465008C6A0D /* WeatherAppUITestsLaunchTests.swift in Sources */,
			);
			runOnlyForDeploymentPostprocessing = 0;
		};
/* End PBXSourcesBuildPhase section */

/* Begin PBXTargetDependency section */
		4CEABC8329DBB465008C6A0D /* PBXTargetDependency */ = {
			isa = PBXTargetDependency;
			target = 4CEABC6F29DBB464008C6A0D /* WeatherApp */;
			targetProxy = 4CEABC8229DBB465008C6A0D /* PBXContainerItemProxy */;
		};
		4CEABC8D29DBB465008C6A0D /* PBXTargetDependency */ = {
			isa = PBXTargetDependency;
			target = 4CEABC6F29DBB464008C6A0D /* WeatherApp */;
			targetProxy = 4CEABC8C29DBB465008C6A0D /* PBXContainerItemProxy */;
		};
/* End PBXTargetDependency section */

/* Begin XCBuildConfiguration section */
		4CEABC9329DBB465008C6A0D /* Debug */ = {
			isa = XCBuildConfiguration;
			buildSettings = {
				ALWAYS_SEARCH_USER_PATHS = NO;
				CLANG_ANALYZER_NONNULL = YES;
				CLANG_ANALYZER_NUMBER_OBJECT_CONVERSION = YES_AGGRESSIVE;
				CLANG_CXX_LANGUAGE_STANDARD = "gnu++20";
				CLANG_ENABLE_MODULES = YES;
				CLANG_ENABLE_OBJC_ARC = YES;
				CLANG_ENABLE_OBJC_WEAK = YES;
				CLANG_WARN_BLOCK_CAPTURE_AUTORELEASING = YES;
				CLANG_WARN_BOOL_CONVERSION = YES;
				CLANG_WARN_COMMA = YES;
				CLANG_WARN_CONSTANT_CONVERSION = YES;
				CLANG_WARN_DEPRECATED_OBJC_IMPLEMENTATIONS = YES;
				CLANG_WARN_DIRECT_OBJC_ISA_USAGE = YES_ERROR;
				CLANG_WARN_DOCUMENTATION_COMMENTS = YES;
				CLANG_WARN_EMPTY_BODY = YES;
				CLANG_WARN_ENUM_CONVERSION = YES;
				CLANG_WARN_INFINITE_RECURSION = YES;
				CLANG_WARN_INT_CONVERSION = YES;
				CLANG_WARN_NON_LITERAL_NULL_CONVERSION = YES;
				CLANG_WARN_OBJC_IMPLICIT_RETAIN_SELF = YES;
				CLANG_WARN_OBJC_LITERAL_CONVERSION = YES;
				CLANG_WARN_OBJC_ROOT_CLASS = YES_ERROR;
				CLANG_WARN_QUOTED_INCLUDE_IN_FRAMEWORK_HEADER = YES;
				CLANG_WARN_RANGE_LOOP_ANALYSIS = YES;
				CLANG_WARN_STRICT_PROTOTYPES = YES;
				CLANG_WARN_SUSPICIOUS_MOVE = YES;
				CLANG_WARN_UNGUARDED_AVAILABILITY = YES_AGGRESSIVE;
				CLANG_WARN_UNREACHABLE_CODE = YES;
				CLANG_WARN__DUPLICATE_METHOD_MATCH = YES;
				COPY_PHASE_STRIP = NO;
				DEBUG_INFORMATION_FORMAT = dwarf;
				ENABLE_STRICT_OBJC_MSGSEND = YES;
				ENABLE_TESTABILITY = YES;
				GCC_C_LANGUAGE_STANDARD = gnu11;
				GCC_DYNAMIC_NO_PIC = NO;
				GCC_NO_COMMON_BLOCKS = YES;
				GCC_OPTIMIZATION_LEVEL = 0;
				GCC_PREPROCESSOR_DEFINITIONS = (
					"DEBUG=1",
					"$(inherited)",
				);
				GCC_WARN_64_TO_32_BIT_CONVERSION = YES;
				GCC_WARN_ABOUT_RETURN_TYPE = YES_ERROR;
				GCC_WARN_UNDECLARED_SELECTOR = YES;
				GCC_WARN_UNINITIALIZED_AUTOS = YES_AGGRESSIVE;
				GCC_WARN_UNUSED_FUNCTION = YES;
				GCC_WARN_UNUSED_VARIABLE = YES;
				MTL_ENABLE_DEBUG_INFO = INCLUDE_SOURCE;
				MTL_FAST_MATH = YES;
				ONLY_ACTIVE_ARCH = YES;
				SWIFT_ACTIVE_COMPILATION_CONDITIONS = DEBUG;
				SWIFT_OPTIMIZATION_LEVEL = "-Onone";
			};
			name = Debug;
		};
		4CEABC9429DBB465008C6A0D /* Release */ = {
			isa = XCBuildConfiguration;
			buildSettings = {
				ALWAYS_SEARCH_USER_PATHS = NO;
				CLANG_ANALYZER_NONNULL = YES;
				CLANG_ANALYZER_NUMBER_OBJECT_CONVERSION = YES_AGGRESSIVE;
				CLANG_CXX_LANGUAGE_STANDARD = "gnu++20";
				CLANG_ENABLE_MODULES = YES;
				CLANG_ENABLE_OBJC_ARC = YES;
				CLANG_ENABLE_OBJC_WEAK = YES;
				CLANG_WARN_BLOCK_CAPTURE_AUTORELEASING = YES;
				CLANG_WARN_BOOL_CONVERSION = YES;
				CLANG_WARN_COMMA = YES;
				CLANG_WARN_CONSTANT_CONVERSION = YES;
				CLANG_WARN_DEPRECATED_OBJC_IMPLEMENTATIONS = YES;
				CLANG_WARN_DIRECT_OBJC_ISA_USAGE = YES_ERROR;
				CLANG_WARN_DOCUMENTATION_COMMENTS = YES;
				CLANG_WARN_EMPTY_BODY = YES;
				CLANG_WARN_ENUM_CONVERSION = YES;
				CLANG_WARN_INFINITE_RECURSION = YES;
				CLANG_WARN_INT_CONVERSION = YES;
				CLANG_WARN_NON_LITERAL_NULL_CONVERSION = YES;
				CLANG_WARN_OBJC_IMPLICIT_RETAIN_SELF = YES;
				CLANG_WARN_OBJC_LITERAL_CONVERSION = YES;
				CLANG_WARN_OBJC_ROOT_CLASS = YES_ERROR;
				CLANG_WARN_QUOTED_INCLUDE_IN_FRAMEWORK_HEADER = YES;
				CLANG_WARN_RANGE_LOOP_ANALYSIS = YES;
				CLANG_WARN_STRICT_PROTOTYPES = YES;
				CLANG_WARN_SUSPICIOUS_MOVE = YES;
				CLANG_WARN_UNGUARDED_AVAILABILITY = YES_AGGRESSIVE;
				CLANG_WARN_UNREACHABLE_CODE = YES;
				CLANG_WARN__DUPLICATE_METHOD_MATCH = YES;
				COPY_PHASE_STRIP = NO;
				DEBUG_INFORMATION_FORMAT = "dwarf-with-dsym";
				ENABLE_NS_ASSERTIONS = NO;
				ENABLE_STRICT_OBJC_MSGSEND = YES;
				GCC_C_LANGUAGE_STANDARD = gnu11;
				GCC_NO_COMMON_BLOCKS = YES;
				GCC_WARN_64_TO_32_BIT_CONVERSION = YES;
				GCC_WARN_ABOUT_RETURN_TYPE = YES_ERROR;
				GCC_WARN_UNDECLARED_SELECTOR = YES;
				GCC_WARN_UNINITIALIZED_AUTOS = YES_AGGRESSIVE;
				GCC_WARN_UNUSED_FUNCTION = YES;
				GCC_WARN_UNUSED_VARIABLE = YES;
				MTL_ENABLE_DEBUG_INFO = NO;
				MTL_FAST_MATH = YES;
				SWIFT_COMPILATION_MODE = wholemodule;
				SWIFT_OPTIMIZATION_LEVEL = "-O";
			};
			name = Release;
		};
		4CEABC9629DBB465008C6A0D /* Debug */ = {
			isa = XCBuildConfiguration;
			buildSettings = {
				ASSETCATALOG_COMPILER_APPICON_NAME = AppIcon;
				ASSETCATALOG_COMPILER_GLOBAL_ACCENT_COLOR_NAME = AccentColor;
				CODE_SIGN_ENTITLEMENTS = WeatherApp/WeatherApp.entitlements;
				CODE_SIGN_STYLE = Automatic;
				CURRENT_PROJECT_VERSION = 1;
				DEVELOPMENT_ASSET_PATHS = "\"WeatherApp/Preview Content\"";
				DEVELOPMENT_TEAM = G47263MZPR;
				ENABLE_HARDENED_RUNTIME = YES;
				ENABLE_PREVIEWS = YES;
				GENERATE_INFOPLIST_FILE = YES;
				"INFOPLIST_KEY_UIApplicationSceneManifest_Generation[sdk=iphoneos*]" = YES;
				"INFOPLIST_KEY_UIApplicationSceneManifest_Generation[sdk=iphonesimulator*]" = YES;
				"INFOPLIST_KEY_UIApplicationSupportsIndirectInputEvents[sdk=iphoneos*]" = YES;
				"INFOPLIST_KEY_UIApplicationSupportsIndirectInputEvents[sdk=iphonesimulator*]" = YES;
				"INFOPLIST_KEY_UILaunchScreen_Generation[sdk=iphoneos*]" = YES;
				"INFOPLIST_KEY_UILaunchScreen_Generation[sdk=iphonesimulator*]" = YES;
				"INFOPLIST_KEY_UIStatusBarStyle[sdk=iphoneos*]" = UIStatusBarStyleDefault;
				"INFOPLIST_KEY_UIStatusBarStyle[sdk=iphonesimulator*]" = UIStatusBarStyleDefault;
				INFOPLIST_KEY_UISupportedInterfaceOrientations_iPad = "UIInterfaceOrientationPortrait UIInterfaceOrientationPortraitUpsideDown UIInterfaceOrientationLandscapeLeft UIInterfaceOrientationLandscapeRight";
				INFOPLIST_KEY_UISupportedInterfaceOrientations_iPhone = "UIInterfaceOrientationPortrait UIInterfaceOrientationLandscapeLeft UIInterfaceOrientationLandscapeRight";
				IPHONEOS_DEPLOYMENT_TARGET = 16.2;
				LD_RUNPATH_SEARCH_PATHS = "@executable_path/Frameworks";
				"LD_RUNPATH_SEARCH_PATHS[sdk=macosx*]" = "@executable_path/../Frameworks";
				MACOSX_DEPLOYMENT_TARGET = 13.1;
				MARKETING_VERSION = 1.0;
				PRODUCT_BUNDLE_IDENTIFIER = Holubek.WeatherApp;
				PRODUCT_NAME = "$(TARGET_NAME)";
				SDKROOT = auto;
				SUPPORTED_PLATFORMS = "iphoneos iphonesimulator macosx";
				SWIFT_EMIT_LOC_STRINGS = YES;
				SWIFT_VERSION = 5.0;
				TARGETED_DEVICE_FAMILY = "1,2";
			};
			name = Debug;
		};
		4CEABC9729DBB465008C6A0D /* Release */ = {
			isa = XCBuildConfiguration;
			buildSettings = {
				ASSETCATALOG_COMPILER_APPICON_NAME = AppIcon;
				ASSETCATALOG_COMPILER_GLOBAL_ACCENT_COLOR_NAME = AccentColor;
				CODE_SIGN_ENTITLEMENTS = WeatherApp/WeatherApp.entitlements;
				CODE_SIGN_STYLE = Automatic;
				CURRENT_PROJECT_VERSION = 1;
				DEVELOPMENT_ASSET_PATHS = "\"WeatherApp/Preview Content\"";
				DEVELOPMENT_TEAM = G47263MZPR;
				ENABLE_HARDENED_RUNTIME = YES;
				ENABLE_PREVIEWS = YES;
				GENERATE_INFOPLIST_FILE = YES;
				"INFOPLIST_KEY_UIApplicationSceneManifest_Generation[sdk=iphoneos*]" = YES;
				"INFOPLIST_KEY_UIApplicationSceneManifest_Generation[sdk=iphonesimulator*]" = YES;
				"INFOPLIST_KEY_UIApplicationSupportsIndirectInputEvents[sdk=iphoneos*]" = YES;
				"INFOPLIST_KEY_UIApplicationSupportsIndirectInputEvents[sdk=iphonesimulator*]" = YES;
				"INFOPLIST_KEY_UILaunchScreen_Generation[sdk=iphoneos*]" = YES;
				"INFOPLIST_KEY_UILaunchScreen_Generation[sdk=iphonesimulator*]" = YES;
				"INFOPLIST_KEY_UIStatusBarStyle[sdk=iphoneos*]" = UIStatusBarStyleDefault;
				"INFOPLIST_KEY_UIStatusBarStyle[sdk=iphonesimulator*]" = UIStatusBarStyleDefault;
				INFOPLIST_KEY_UISupportedInterfaceOrientations_iPad = "UIInterfaceOrientationPortrait UIInterfaceOrientationPortraitUpsideDown UIInterfaceOrientationLandscapeLeft UIInterfaceOrientationLandscapeRight";
				INFOPLIST_KEY_UISupportedInterfaceOrientations_iPhone = "UIInterfaceOrientationPortrait UIInterfaceOrientationLandscapeLeft UIInterfaceOrientationLandscapeRight";
				IPHONEOS_DEPLOYMENT_TARGET = 16.2;
				LD_RUNPATH_SEARCH_PATHS = "@executable_path/Frameworks";
				"LD_RUNPATH_SEARCH_PATHS[sdk=macosx*]" = "@executable_path/../Frameworks";
				MACOSX_DEPLOYMENT_TARGET = 13.1;
				MARKETING_VERSION = 1.0;
				PRODUCT_BUNDLE_IDENTIFIER = Holubek.WeatherApp;
				PRODUCT_NAME = "$(TARGET_NAME)";
				SDKROOT = auto;
				SUPPORTED_PLATFORMS = "iphoneos iphonesimulator macosx";
				SWIFT_EMIT_LOC_STRINGS = YES;
				SWIFT_VERSION = 5.0;
				TARGETED_DEVICE_FAMILY = "1,2";
			};
			name = Release;
		};
		4CEABC9929DBB465008C6A0D /* Debug */ = {
			isa = XCBuildConfiguration;
			buildSettings = {
				ALWAYS_EMBED_SWIFT_STANDARD_LIBRARIES = YES;
				BUNDLE_LOADER = "$(TEST_HOST)";
				CODE_SIGN_STYLE = Automatic;
				CURRENT_PROJECT_VERSION = 1;
				DEVELOPMENT_TEAM = G47263MZPR;
				GENERATE_INFOPLIST_FILE = YES;
				IPHONEOS_DEPLOYMENT_TARGET = 16.2;
				MACOSX_DEPLOYMENT_TARGET = 13.1;
				MARKETING_VERSION = 1.0;
				PRODUCT_BUNDLE_IDENTIFIER = Holubek.WeatherAppTests;
				PRODUCT_NAME = "$(TARGET_NAME)";
				SDKROOT = auto;
				SUPPORTED_PLATFORMS = "iphoneos iphonesimulator macosx";
				SWIFT_EMIT_LOC_STRINGS = NO;
				SWIFT_VERSION = 5.0;
				TARGETED_DEVICE_FAMILY = "1,2";
				TEST_HOST = "$(BUILT_PRODUCTS_DIR)/WeatherApp.app/$(BUNDLE_EXECUTABLE_FOLDER_PATH)/WeatherApp";
			};
			name = Debug;
		};
		4CEABC9A29DBB465008C6A0D /* Release */ = {
			isa = XCBuildConfiguration;
			buildSettings = {
				ALWAYS_EMBED_SWIFT_STANDARD_LIBRARIES = YES;
				BUNDLE_LOADER = "$(TEST_HOST)";
				CODE_SIGN_STYLE = Automatic;
				CURRENT_PROJECT_VERSION = 1;
				DEVELOPMENT_TEAM = G47263MZPR;
				GENERATE_INFOPLIST_FILE = YES;
				IPHONEOS_DEPLOYMENT_TARGET = 16.2;
				MACOSX_DEPLOYMENT_TARGET = 13.1;
				MARKETING_VERSION = 1.0;
				PRODUCT_BUNDLE_IDENTIFIER = Holubek.WeatherAppTests;
				PRODUCT_NAME = "$(TARGET_NAME)";
				SDKROOT = auto;
				SUPPORTED_PLATFORMS = "iphoneos iphonesimulator macosx";
				SWIFT_EMIT_LOC_STRINGS = NO;
				SWIFT_VERSION = 5.0;
				TARGETED_DEVICE_FAMILY = "1,2";
				TEST_HOST = "$(BUILT_PRODUCTS_DIR)/WeatherApp.app/$(BUNDLE_EXECUTABLE_FOLDER_PATH)/WeatherApp";
			};
			name = Release;
		};
		4CEABC9C29DBB465008C6A0D /* Debug */ = {
			isa = XCBuildConfiguration;
			buildSettings = {
				ALWAYS_EMBED_SWIFT_STANDARD_LIBRARIES = YES;
				CODE_SIGN_STYLE = Automatic;
				CURRENT_PROJECT_VERSION = 1;
				DEVELOPMENT_TEAM = G47263MZPR;
				GENERATE_INFOPLIST_FILE = YES;
				IPHONEOS_DEPLOYMENT_TARGET = 16.2;
				MACOSX_DEPLOYMENT_TARGET = 13.1;
				MARKETING_VERSION = 1.0;
				PRODUCT_BUNDLE_IDENTIFIER = Holubek.WeatherAppUITests;
				PRODUCT_NAME = "$(TARGET_NAME)";
				SDKROOT = auto;
				SUPPORTED_PLATFORMS = "iphoneos iphonesimulator macosx";
				SWIFT_EMIT_LOC_STRINGS = NO;
				SWIFT_VERSION = 5.0;
				TARGETED_DEVICE_FAMILY = "1,2";
				TEST_TARGET_NAME = WeatherApp;
			};
			name = Debug;
		};
		4CEABC9D29DBB465008C6A0D /* Release */ = {
			isa = XCBuildConfiguration;
			buildSettings = {
				ALWAYS_EMBED_SWIFT_STANDARD_LIBRARIES = YES;
				CODE_SIGN_STYLE = Automatic;
				CURRENT_PROJECT_VERSION = 1;
				DEVELOPMENT_TEAM = G47263MZPR;
				GENERATE_INFOPLIST_FILE = YES;
				IPHONEOS_DEPLOYMENT_TARGET = 16.2;
				MACOSX_DEPLOYMENT_TARGET = 13.1;
				MARKETING_VERSION = 1.0;
				PRODUCT_BUNDLE_IDENTIFIER = Holubek.WeatherAppUITests;
				PRODUCT_NAME = "$(TARGET_NAME)";
				SDKROOT = auto;
				SUPPORTED_PLATFORMS = "iphoneos iphonesimulator macosx";
				SWIFT_EMIT_LOC_STRINGS = NO;
				SWIFT_VERSION = 5.0;
				TARGETED_DEVICE_FAMILY = "1,2";
				TEST_TARGET_NAME = WeatherApp;
			};
			name = Release;
		};
/* End XCBuildConfiguration section */

/* Begin XCConfigurationList section */
		4CEABC6B29DBB464008C6A0D /* Build configuration list for PBXProject "WeatherApp" */ = {
			isa = XCConfigurationList;
			buildConfigurations = (
				4CEABC9329DBB465008C6A0D /* Debug */,
				4CEABC9429DBB465008C6A0D /* Release */,
			);
			defaultConfigurationIsVisible = 0;
			defaultConfigurationName = Release;
		};
		4CEABC9529DBB465008C6A0D /* Build configuration list for PBXNativeTarget "WeatherApp" */ = {
			isa = XCConfigurationList;
			buildConfigurations = (
				4CEABC9629DBB465008C6A0D /* Debug */,
				4CEABC9729DBB465008C6A0D /* Release */,
			);
			defaultConfigurationIsVisible = 0;
			defaultConfigurationName = Release;
		};
		4CEABC9829DBB465008C6A0D /* Build configuration list for PBXNativeTarget "WeatherAppTests" */ = {
			isa = XCConfigurationList;
			buildConfigurations = (
				4CEABC9929DBB465008C6A0D /* Debug */,
				4CEABC9A29DBB465008C6A0D /* Release */,
			);
			defaultConfigurationIsVisible = 0;
			defaultConfigurationName = Release;
		};
		4CEABC9B29DBB465008C6A0D /* Build configuration list for PBXNativeTarget "WeatherAppUITests" */ = {
			isa = XCConfigurationList;
			buildConfigurations = (
				4CEABC9C29DBB465008C6A0D /* Debug */,
				4CEABC9D29DBB465008C6A0D /* Release */,
			);
			defaultConfigurationIsVisible = 0;
			defaultConfigurationName = Release;
		};
/* End XCConfigurationList section */
	};
	rootObject = 4CEABC6829DBB464008C6A0D /* Project object */;
}
